<?xml version="1.0" encoding="utf-8"?>
<Project ToolsVersion="4.0" xmlns="http://schemas.microsoft.com/developer/msbuild/2003">
  <ItemGroup>
    <Filter Include="Resource Files">
      <UniqueIdentifier>{67DA6AB6-F800-4c08-8B7A-83BB121AAD01}</UniqueIdentifier>
      <Extensions>rc;ico;cur;bmp;dlg;rc2;rct;bin;rgs;gif;jpg;jpeg;jpe;resx;tiff;tif;png;wav;mfcribbon-ms</Extensions>
    </Filter>
    <Filter Include="src">
      <UniqueIdentifier>{9cc2e07d-da4f-4d9c-9989-1bd7a1fae245}</UniqueIdentifier>
    </Filter>
    <Filter Include="src\FLKGameEngine">
      <UniqueIdentifier>{3d22307a-7b72-4830-bd9a-508308c20012}</UniqueIdentifier>
    </Filter>
    <Filter Include="src\FLKGameEngine\Core">
      <UniqueIdentifier>{34c14bf8-2ccd-4dee-a03e-47d863051e00}</UniqueIdentifier>
    </Filter>
    <Filter Include="src\FLKGameEngine\Core\Foundations">
      <UniqueIdentifier>{ffbb3450-1011-445c-9429-d25238103ae8}</UniqueIdentifier>
    </Filter>
    <Filter Include="src\FLKGameEngine\Core\Frameworks">
      <UniqueIdentifier>{ff18835b-c314-41dc-9be8-683a32cdecfa}</UniqueIdentifier>
    </Filter>
    <Filter Include="src\FLKGameEngine\Core\Foundations\Vectors">
      <UniqueIdentifier>{f857850e-2c14-45cb-8244-c7b8113a90cd}</UniqueIdentifier>
    </Filter>
  </ItemGroup>
  <ItemGroup>
    <ClCompile Include="src\main.cpp">
      <Filter>src</Filter>
    </ClCompile>
    <ClCompile Include="src\FLKGameEngine\Core\CoreEngine.cpp">
      <Filter>src\FLKGameEngine\Core</Filter>
    </ClCompile>
    <ClCompile Include="src\FLKGameEngine\Core\CoreSettings.cpp">
      <Filter>src\FLKGameEngine\Core</Filter>
    </ClCompile>
    <ClCompile Include="src\FLKGameEngine\Core\Frameworks\CoreFramework.cpp">
      <Filter>src\FLKGameEngine\Core\Frameworks</Filter>
    </ClCompile>
    <ClCompile Include="src\FLKGameEngine\Core\Frameworks\FLK_GLFW.cpp">
      <Filter>src\FLKGameEngine\Core\Frameworks</Filter>
    </ClCompile>
    <ClCompile Include="src\FLKGameEngine\Core\Frameworks\FLK_SDL.cpp">
      <Filter>src\FLKGameEngine\Core\Frameworks</Filter>
    </ClCompile>
    <ClCompile Include="src\FLKGameEngine\Core\Frameworks\FLK_SFML.cpp">
      <Filter>src\FLKGameEngine\Core\Frameworks</Filter>
    </ClCompile>
    <ClCompile Include="src\FLKGameEngine\Core\Frameworks\FrameworkInterface.cpp">
      <Filter>src\FLKGameEngine\Core\Frameworks</Filter>
    </ClCompile>
  </ItemGroup>
  <ItemGroup>
    <ClInclude Include="src\FLKGameEngine\FLKGameEngine.hpp">
      <Filter>src\FLKGameEngine</Filter>
    </ClInclude>
    <ClInclude Include="src\FLKGameEngine\SystemDefs.h">
      <Filter>src\FLKGameEngine</Filter>
    </ClInclude>
    <ClInclude Include="src\FLKGameEngine\Core\CoreEngine.hpp">
      <Filter>src\FLKGameEngine\Core</Filter>
    </ClInclude>
    <ClInclude Include="src\FLKGameEngine\Core\CoreSettings.hpp">
      <Filter>src\FLKGameEngine\Core</Filter>
    </ClInclude>
    <ClInclude Include="src\FLKGameEngine\Core\Frameworks\CoreFramework.hpp">
      <Filter>src\FLKGameEngine\Core\Frameworks</Filter>
    </ClInclude>
    <ClInclude Include="src\FLKGameEngine\Core\Frameworks\FLK_GLFW.hpp">
      <Filter>src\FLKGameEngine\Core\Frameworks</Filter>
    </ClInclude>
    <ClInclude Include="src\FLKGameEngine\Core\Frameworks\FLK_SDL.hpp">
      <Filter>src\FLKGameEngine\Core\Frameworks</Filter>
    </ClInclude>
    <ClInclude Include="src\FLKGameEngine\Core\Frameworks\FrameworkInterface.hpp">
      <Filter>src\FLKGameEngine\Core\Frameworks</Filter>
    </ClInclude>
    <ClInclude Include="src\FLKGameEngine\Core\Frameworks\FLK_SFML.hpp">
      <Filter>src\FLKGameEngine\Core\Frameworks</Filter>
    </ClInclude>
    <ClInclude Include="src\FLKGameEngine\Core\Foundations\Foundation.hpp">
      <Filter>src\FLKGameEngine\Core\Foundations</Filter>
    </ClInclude>
    <ClInclude Include="src\FLKGameEngine\Core\Foundations\Vectors\vec2.hpp">
      <Filter>src\FLKGameEngine\Core\Foundations\Vectors</Filter>
    </ClInclude>
    <ClInclude Include="src\FLKGameEngine\Core\Foundations\Vectors\vec3.hpp">
      <Filter>src\FLKGameEngine\Core\Foundations\Vectors</Filter>
    </ClInclude>
    <ClInclude Include="src\FLKGameEngine\Core\Foundations\Vectors\vec4.hpp">
      <Filter>src\FLKGameEngine\Core\Foundations\Vectors</Filter>
    </ClInclude>
  </ItemGroup>
</Project>